{
    "_meta": {
        "hash": {
            "sha256": "609b60aea9061bc32b270e0d6b3ee1bda7a61b418d51f00fca323b3316790fc6"
        },
        "pipfile-spec": 6,
        "requires": {
            "python_version": "3"
        },
        "sources": [
            {
                "name": "pypi",
                "url": "https://pypi.org/simple",
                "verify_ssl": true
            }
        ]
    },
    "default": {
        "arpeggio": {
            "hashes": [
                "sha256:a5258b84f76661d558492fa87e42db634df143685a0e51802d59cae7daad8732",
                "sha256:dc5c0541e7cc2c6033dc0338133436abfac53655624784736e9bc8bd35e56583"
            ],
            "version": "==1.9.0"
        },
        "click": {
            "hashes": [
                "sha256:2335065e6395b9e67ca716de5f7526736bfa6ceead690adf616d925bdc622b13",
                "sha256:5b94b49521f6456670fdb30cd82a4eca9412788a93fa6dd6df72c94d5a8ff2d7"
            ],
            "version": "==7.0"
        },
        "jsonpickle": {
            "hashes": [
                "sha256:0231d6f7ebc4723169310141352d9c9b7bbbd6f3be110cf634575d2bf2af91f0",
                "sha256:625098cc8e5854b8c23b587aec33bc8e33e0e597636bfaca76152249c78fe5c1"
            ],
            "index": "pypi",
            "version": "==1.1"
        },
        "pyyaml": {
            "hashes": [
                "sha256:1adecc22f88d38052fb787d959f003811ca858b799590a5eaa70e63dca50308c",
                "sha256:436bc774ecf7c103814098159fbb84c2715d25980175292c648f2da143909f95",
                "sha256:460a5a4248763f6f37ea225d19d5c205677d8d525f6a83357ca622ed541830c2",
                "sha256:5a22a9c84653debfbf198d02fe592c176ea548cccce47553f35f466e15cf2fd4",
                "sha256:7a5d3f26b89d688db27822343dfa25c599627bc92093e788956372285c6298ad",
                "sha256:9372b04a02080752d9e6f990179a4ab840227c6e2ce15b95e1278456664cf2ba",
                "sha256:a5dcbebee834eaddf3fa7366316b880ff4062e4bcc9787b78c7fbb4a26ff2dd1",
                "sha256:aee5bab92a176e7cd034e57f46e9df9a9862a71f8f37cad167c6fc74c65f5b4e",
                "sha256:c51f642898c0bacd335fc119da60baae0824f2cde95b0330b56c0553439f0673",
                "sha256:c68ea4d3ba1705da1e0d85da6684ac657912679a649e8868bd850d2c299cce13",
                "sha256:e23d0cc5299223dcc37885dae624f382297717e459ea24053709675a976a3e19"
            ],
            "index": "pypi",
            "version": "==5.1"
        },
        "textx": {
            "hashes": [
                "sha256:4f1659109776a190090952014273bdd86764f8b0daf165614e77d668880adea1",
                "sha256:ffb724840391837f576cc556e0f6d54e03813e551cae99572ac6b34ee77d8d75"
            ],
            "index": "pypi",
            "version": "==2.0.1"
        }
    },
    "develop": {}
}
